
Microsoft Visual Studio Solution File, Format Version 12.00
# Visual Studio Version 17
VisualStudioVersion = 17.0.31606.5
MinimumVisualStudioVersion = 10.0.40219.1
Project("{9A19103F-16F7-4668-BE54-9A1E7A4F7556}") = "LinkShorter", "LinkShorter\LinkShorter.csproj", "{2A09223B-C17E-47F4-9E36-FE9962DC3C6F}"
EndProject
Project("{9A19103F-16F7-4668-BE54-9A1E7A4F7556}") = "Plugins", "Plugins\Plugins.csproj", "{9DA3FE9E-25A1-4BA3-AC99-D83C641C19BD}"
EndProject
Global
	GlobalSection(SolutionConfigurationPlatforms) = preSolution
		Debug|Any CPU = Debug|Any CPU
		Release|Any CPU = Release|Any CPU
	EndGlobalSection
	GlobalSection(ProjectConfigurationPlatforms) = postSolution
		{2A09223B-C17E-47F4-9E36-FE9962DC3C6F}.Debug|Any CPU.ActiveCfg = Debug|Any CPU
		{2A09223B-C17E-47F4-9E36-FE9962DC3C6F}.Debug|Any CPU.Build.0 = Debug|Any CPU
		{2A09223B-C17E-47F4-9E36-FE9962DC3C6F}.Release|Any CPU.ActiveCfg = Release|Any CPU
		{2A09223B-C17E-47F4-9E36-FE9962DC3C6F}.Release|Any CPU.Build.0 = Release|Any CPU
		{9DA3FE9E-25A1-4BA3-AC99-D83C641C19BD}.Debug|Any CPU.ActiveCfg = Debug|Any CPU
		{9DA3FE9E-25A1-4BA3-AC99-D83C641C19BD}.Debug|Any CPU.Build.0 = Debug|Any CPU
		{9DA3FE9E-25A1-4BA3-AC99-D83C641C19BD}.Release|Any CPU.ActiveCfg = Release|Any CPU
		{9DA3FE9E-25A1-4BA3-AC99-D83C641C19BD}.Release|Any CPU.Build.0 = Release|Any CPU
	EndGlobalSection
	GlobalSection(SolutionProperties) = preSolution
		HideSolutionNode = FALSE
	EndGlobalSection
	GlobalSection(ExtensibilityGlobals) = postSolution
		SolutionGuid = {8A955ED9-352D-4351-B27A-3126C625C7CB}
	EndGlobalSection
EndGlobal
